
Microsoft Visual Studio Solution File, Format Version 12.00
# Visual Studio Version 17
VisualStudioVersion = 17.7.34031.279
MinimumVisualStudioVersion = 10.0.40219.1
Project("{8BC9CEB8-8B4A-11D0-8D11-00A0C91BC942}") = "CourseWork", "CourseWork\CourseWork.vcxproj", "{EED1CEFA-1F8D-4F95-A19A-54B44A12E195}"
EndProject
Global
	GlobalSection(SolutionConfigurationPlatforms) = preSolution
		Debug|x64 = Debug|x64
		Debug|x86 = Debug|x86
		Release|x64 = Release|x64
		Release|x86 = Release|x86
	EndGlobalSection
	GlobalSection(ProjectConfigurationPlatforms) = postSolution
		{EED1CEFA-1F8D-4F95-A19A-54B44A12E195}.Debug|x64.ActiveCfg = Debug|x64
		{EED1CEFA-1F8D-4F95-A19A-54B44A12E195}.Debug|x64.Build.0 = Debug|x64
		{EED1CEFA-1F8D-4F95-A19A-54B44A12E195}.Debug|x86.ActiveCfg = Debug|Win32
		{EED1CEFA-1F8D-4F95-A19A-54B44A12E195}.Debug|x86.Build.0 = Debug|Win32
		{EED1CEFA-1F8D-4F95-A19A-54B44A12E195}.Release|x64.ActiveCfg = Release|x64
		{EED1CEFA-1F8D-4F95-A19A-54B44A12E195}.Release|x64.Build.0 = Release|x64
		{EED1CEFA-1F8D-4F95-A19A-54B44A12E195}.Release|x86.ActiveCfg = Release|Win32
		{EED1CEFA-1F8D-4F95-A19A-54B44A12E195}.Release|x86.Build.0 = Release|Win32
	EndGlobalSection
	GlobalSection(SolutionProperties) = preSolution
		HideSolutionNode = FALSE
	EndGlobalSection
	GlobalSection(ExtensibilityGlobals) = postSolution
		SolutionGuid = {A43CD196-7C80-401A-9F09-2708C5026400}
	EndGlobalSection
EndGlobal
